
Microsoft Visual Studio Solution File, Format Version 12.00
# Visual Studio Version 16
VisualStudioVersion = 16.0.29424.173
MinimumVisualStudioVersion = 10.0.40219.1
Project("{FAE04EC0-301F-11D3-BF4B-00C04F79EFBC}") = "ACM.BL", "ACM.BL\ACM.BL.csproj", "{438DCAA7-311B-45F5-BAFA-3462D56075D3}"
EndProject
Global
	GlobalSection(SolutionConfigurationPlatforms) = preSolution
		Debug|Any CPU = Debug|Any CPU
		Release|Any CPU = Release|Any CPU
	EndGlobalSection
	GlobalSection(ProjectConfigurationPlatforms) = postSolution
		{438DCAA7-311B-45F5-BAFA-3462D56075D3}.Debug|Any CPU.ActiveCfg = Debug|Any CPU
		{438DCAA7-311B-45F5-BAFA-3462D56075D3}.Debug|Any CPU.Build.0 = Debug|Any CPU
		{438DCAA7-311B-45F5-BAFA-3462D56075D3}.Release|Any CPU.ActiveCfg = Release|Any CPU
		{438DCAA7-311B-45F5-BAFA-3462D56075D3}.Release|Any CPU.Build.0 = Release|Any CPU
	EndGlobalSection
	GlobalSection(SolutionProperties) = preSolution
		HideSolutionNode = FALSE
	EndGlobalSection
	GlobalSection(ExtensibilityGlobals) = postSolution
		SolutionGuid = {2C800CF5-E42B-46DF-B254-01DCA556A1E4}
	EndGlobalSection
EndGlobal
